Microsoft Visual Studio Solution File, Format Version 12.00
# Visual Studio Version 17
VisualStudioVersion = 17.13.35825.156
MinimumVisualStudioVersion = 10.0.40219.1
Project("{FAE04EC0-301F-11D3-BF4B-00C04F79EFBC}") = "uygulama4", "uygulama4.csproj", "{D00FA670-6EEB-4A17-9CEA-86623F57286A}"
EndProject
Global
	GlobalSection(SolutionConfigurationPlatforms) = preSolution
		Debug|Any CPU = Debug|Any CPU
		Release|Any CPU = Release|Any CPU
	EndGlobalSection
	GlobalSection(ProjectConfigurationPlatforms) = postSolution
		{D00FA670-6EEB-4A17-9CEA-86623F57286A}.Debug|Any CPU.ActiveCfg = Debug|Any CPU
		{D00FA670-6EEB-4A17-9CEA-86623F57286A}.Debug|Any CPU.Build.0 = Debug|Any CPU
		{D00FA670-6EEB-4A17-9CEA-86623F57286A}.Release|Any CPU.ActiveCfg = Release|Any CPU
		{D00FA670-6EEB-4A17-9CEA-86623F57286A}.Release|Any CPU.Build.0 = Release|Any CPU
	EndGlobalSection
	GlobalSection(SolutionProperties) = preSolution
		HideSolutionNode = FALSE
	EndGlobalSection
	GlobalSection(ExtensibilityGlobals) = postSolution
		SolutionGuid = {F39ADFBB-698D-474F-8FB8-FD9A3FB4B1D2}
	EndGlobalSection
EndGlobal
