Microsoft Visual Studio Solution File, Format Version 12.00
# Visual Studio Version 17
VisualStudioVersion = 17.13.35825.156
MinimumVisualStudioVersion = 10.0.40219.1
Project("{FAE04EC0-301F-11D3-BF4B-00C04F79EFBC}") = "dizi(array)2", "dizi(array)2.csproj", "{BB6AEC84-A710-49D9-BF2D-A6B7C2622F78}"
EndProject
Global
	GlobalSection(SolutionConfigurationPlatforms) = preSolution
		Debug|Any CPU = Debug|Any CPU
		Release|Any CPU = Release|Any CPU
	EndGlobalSection
	GlobalSection(ProjectConfigurationPlatforms) = postSolution
		{BB6AEC84-A710-49D9-BF2D-A6B7C2622F78}.Debug|Any CPU.ActiveCfg = Debug|Any CPU
		{BB6AEC84-A710-49D9-BF2D-A6B7C2622F78}.Debug|Any CPU.Build.0 = Debug|Any CPU
		{BB6AEC84-A710-49D9-BF2D-A6B7C2622F78}.Release|Any CPU.ActiveCfg = Release|Any CPU
		{BB6AEC84-A710-49D9-BF2D-A6B7C2622F78}.Release|Any CPU.Build.0 = Release|Any CPU
	EndGlobalSection
	GlobalSection(SolutionProperties) = preSolution
		HideSolutionNode = FALSE
	EndGlobalSection
	GlobalSection(ExtensibilityGlobals) = postSolution
		SolutionGuid = {90CDFC05-5989-40BC-AD9E-E33F2CFD1080}
	EndGlobalSection
EndGlobal
