Microsoft Visual Studio Solution File, Format Version 12.00
# Visual Studio Version 17
VisualStudioVersion = 17.13.35825.156
MinimumVisualStudioVersion = 10.0.40219.1
Project("{FAE04EC0-301F-11D3-BF4B-00C04F79EFBC}") = "diziler(array)", "diziler(array).csproj", "{2581907E-9438-4A45-9755-3A7442DCE68A}"
EndProject
Global
	GlobalSection(SolutionConfigurationPlatforms) = preSolution
		Debug|Any CPU = Debug|Any CPU
		Release|Any CPU = Release|Any CPU
	EndGlobalSection
	GlobalSection(ProjectConfigurationPlatforms) = postSolution
		{2581907E-9438-4A45-9755-3A7442DCE68A}.Debug|Any CPU.ActiveCfg = Debug|Any CPU
		{2581907E-9438-4A45-9755-3A7442DCE68A}.Debug|Any CPU.Build.0 = Debug|Any CPU
		{2581907E-9438-4A45-9755-3A7442DCE68A}.Release|Any CPU.ActiveCfg = Release|Any CPU
		{2581907E-9438-4A45-9755-3A7442DCE68A}.Release|Any CPU.Build.0 = Release|Any CPU
	EndGlobalSection
	GlobalSection(SolutionProperties) = preSolution
		HideSolutionNode = FALSE
	EndGlobalSection
	GlobalSection(ExtensibilityGlobals) = postSolution
		SolutionGuid = {C777EE0E-DF8D-4EA3-BA92-344AD047DFB0}
	EndGlobalSection
EndGlobal
