Microsoft Visual Studio Solution File, Format Version 12.00
# Visual Studio Version 17
VisualStudioVersion = 17.13.35825.156
MinimumVisualStudioVersion = 10.0.40219.1
Project("{FAE04EC0-301F-11D3-BF4B-00C04F79EFBC}") = "try_catch_ornek1", "try_catch_ornek1.csproj", "{70018EE3-04AB-4351-9E60-9F483B3F4D23}"
EndProject
Global
	GlobalSection(SolutionConfigurationPlatforms) = preSolution
		Debug|Any CPU = Debug|Any CPU
		Release|Any CPU = Release|Any CPU
	EndGlobalSection
	GlobalSection(ProjectConfigurationPlatforms) = postSolution
		{70018EE3-04AB-4351-9E60-9F483B3F4D23}.Debug|Any CPU.ActiveCfg = Debug|Any CPU
		{70018EE3-04AB-4351-9E60-9F483B3F4D23}.Debug|Any CPU.Build.0 = Debug|Any CPU
		{70018EE3-04AB-4351-9E60-9F483B3F4D23}.Release|Any CPU.ActiveCfg = Release|Any CPU
		{70018EE3-04AB-4351-9E60-9F483B3F4D23}.Release|Any CPU.Build.0 = Release|Any CPU
	EndGlobalSection
	GlobalSection(SolutionProperties) = preSolution
		HideSolutionNode = FALSE
	EndGlobalSection
	GlobalSection(ExtensibilityGlobals) = postSolution
		SolutionGuid = {EC315ACE-491E-4513-9E69-79C142C46746}
	EndGlobalSection
EndGlobal
